Microsoft Visual Studio Solution File, Format Version 12.00
# Visual Studio Version 17
VisualStudioVersion = 17.5.2.0
MinimumVisualStudioVersion = 10.0.40219.1
Project("{FAE04EC0-301F-11D3-BF4B-00C04F79EFBC}") = "Source", "Source\Source.csproj", "{C3BC46DE-B4B1-B9F7-4613-A29D6D01B8F9}"
EndProject
Global
	GlobalSection(SolutionConfigurationPlatforms) = preSolution
		Debug|Any CPU = Debug|Any CPU
		Release|Any CPU = Release|Any CPU
	EndGlobalSection
	GlobalSection(ProjectConfigurationPlatforms) = postSolution
		{C3BC46DE-B4B1-B9F7-4613-A29D6D01B8F9}.Debug|Any CPU.ActiveCfg = Debug|Any CPU
		{C3BC46DE-B4B1-B9F7-4613-A29D6D01B8F9}.Debug|Any CPU.Build.0 = Debug|Any CPU
		{C3BC46DE-B4B1-B9F7-4613-A29D6D01B8F9}.Release|Any CPU.ActiveCfg = Release|Any CPU
		{C3BC46DE-B4B1-B9F7-4613-A29D6D01B8F9}.Release|Any CPU.Build.0 = Release|Any CPU
	EndGlobalSection
	GlobalSection(SolutionProperties) = preSolution
		HideSolutionNode = FALSE
	EndGlobalSection
	GlobalSection(ExtensibilityGlobals) = postSolution
		SolutionGuid = {D9A31020-57C8-4CDB-8FE8-EB4B65E2DD96}
	EndGlobalSection
EndGlobal
